// !$*UTF8*$!
{
	archiveVersion = 1;
	classes = {
	};
	objectVersion = 52;
	objects = {

/* Begin PBXBuildFile section */
		4637492D38F77B082300273D /* libPods-vFruits.am.a in Frameworks */ = {isa = PBXBuildFile; fileRef = 51F22A8E34C679E46387AFC6 /* libPods-vFruits.am.a */; };
		FF20FC292578281000C0D168 /* CategoryList.swift in Sources */ = {isa = PBXBuildFile; fileRef = FF20FC282578281000C0D168 /* CategoryList.swift */; };
		FF20FC2C2578287700C0D168 /* CategoryViewModel.swift in Sources */ = {isa = PBXBuildFile; fileRef = FF20FC2B2578287700C0D168 /* CategoryViewModel.swift */; };
		FF20FC2F25782CC200C0D168 /* ProductModel.swift in Sources */ = {isa = PBXBuildFile; fileRef = FF20FC2E25782CC200C0D168 /* ProductModel.swift */; };
		FF20FC322578303A00C0D168 /* ProductListModel.swift in Sources */ = {isa = PBXBuildFile; fileRef = FF20FC312578303A00C0D168 /* ProductListModel.swift */; };
		FF20FC352578327D00C0D168 /* ProductsGrid.swift in Sources */ = {isa = PBXBuildFile; fileRef = FF20FC342578327D00C0D168 /* ProductsGrid.swift */; };
		FFC9524625783524008793E0 /* SDWebImageSwiftUI in Frameworks */ = {isa = PBXBuildFile; productRef = FFC9524525783524008793E0 /* SDWebImageSwiftUI */; };
		FFC9524C2578EC54008793E0 /* SelectedProduct.swift in Sources */ = {isa = PBXBuildFile; fileRef = FFC9524B2578EC54008793E0 /* SelectedProduct.swift */; };
		FFC9524F2578F27A008793E0 /* .gitignore in Resources */ = {isa = PBXBuildFile; fileRef = FFC9524E2578F27A008793E0 /* .gitignore */; };
		FFC952522578F28C008793E0 /* Credentials.swift in Sources */ = {isa = PBXBuildFile; fileRef = FFC952512578F28C008793E0 /* Credentials.swift */; };
		FFC952552578F69C008793E0 /* ProductViewModel.swift in Sources */ = {isa = PBXBuildFile; fileRef = FFC952542578F69C008793E0 /* ProductViewModel.swift */; };
		FFE9E97825778738002F80C8 /* vFruits_amApp.swift in Sources */ = {isa = PBXBuildFile; fileRef = FFE9E97725778738002F80C8 /* vFruits_amApp.swift */; };
		FFE9E97A25778738002F80C8 /* ContentView.swift in Sources */ = {isa = PBXBuildFile; fileRef = FFE9E97925778738002F80C8 /* ContentView.swift */; };
		FFE9E97C2577873B002F80C8 /* Assets.xcassets in Resources */ = {isa = PBXBuildFile; fileRef = FFE9E97B2577873B002F80C8 /* Assets.xcassets */; };
		FFE9E97F2577873B002F80C8 /* Preview Assets.xcassets in Resources */ = {isa = PBXBuildFile; fileRef = FFE9E97E2577873B002F80C8 /* Preview Assets.xcassets */; };
		FFE9E9902577E52C002F80C8 /* McLaren-Regular.ttf in Resources */ = {isa = PBXBuildFile; fileRef = FFE9E98F2577E52C002F80C8 /* McLaren-Regular.ttf */; };
		FFE9E99325780534002F80C8 /* HomeView.swift in Sources */ = {isa = PBXBuildFile; fileRef = FFE9E99225780534002F80C8 /* HomeView.swift */; };
		FFE9E99725780562002F80C8 /* NewsFeed.swift in Sources */ = {isa = PBXBuildFile; fileRef = FFE9E99625780562002F80C8 /* NewsFeed.swift */; };
		FFE9E99B257805C8002F80C8 /* HomeViewModel.swift in Sources */ = {isa = PBXBuildFile; fileRef = FFE9E99A257805C8002F80C8 /* HomeViewModel.swift */; };
		FFE9E99E257805F4002F80C8 /* NewsFeedModel.swift in Sources */ = {isa = PBXBuildFile; fileRef = FFE9E99D257805F4002F80C8 /* NewsFeedModel.swift */; };
		FFE9E9A125780625002F80C8 /* HomeService.swift in Sources */ = {isa = PBXBuildFile; fileRef = FFE9E9A025780625002F80C8 /* HomeService.swift */; };
		FFE9E9A425780D35002F80C8 /* SearchBar.swift in Sources */ = {isa = PBXBuildFile; fileRef = FFE9E9A325780D35002F80C8 /* SearchBar.swift */; };
		FFE9E9A725781143002F80C8 /* CategoryModel.swift in Sources */ = {isa = PBXBuildFile; fileRef = FFE9E9A625781143002F80C8 /* CategoryModel.swift */; };
		FFE9E9AA257811ED002F80C8 /* CategoryDataModel.swift in Sources */ = {isa = PBXBuildFile; fileRef = FFE9E9A9257811ED002F80C8 /* CategoryDataModel.swift */; };
/* End PBXBuildFile section */

/* Begin PBXFileReference section */
		11E2010609C3D8AAD14F64AE /* Pods-vFruits.am.release.xcconfig */ = {isa = PBXFileReference; includeInIndex = 1; lastKnownFileType = text.xcconfig; name = "Pods-vFruits.am.release.xcconfig"; path = "Target Support Files/Pods-vFruits.am/Pods-vFruits.am.release.xcconfig"; sourceTree = "<group>"; };
		51F22A8E34C679E46387AFC6 /* libPods-vFruits.am.a */ = {isa = PBXFileReference; explicitFileType = archive.ar; includeInIndex = 0; path = "libPods-vFruits.am.a"; sourceTree = BUILT_PRODUCTS_DIR; };
		D2A43DD6673A791D58A80B5A /* Pods-vFruits.am.debug.xcconfig */ = {isa = PBXFileReference; includeInIndex = 1; lastKnownFileType = text.xcconfig; name = "Pods-vFruits.am.debug.xcconfig"; path = "Target Support Files/Pods-vFruits.am/Pods-vFruits.am.debug.xcconfig"; sourceTree = "<group>"; };
		FF20FC282578281000C0D168 /* CategoryList.swift */ = {isa = PBXFileReference; lastKnownFileType = sourcecode.swift; path = CategoryList.swift; sourceTree = "<group>"; };
		FF20FC2B2578287700C0D168 /* CategoryViewModel.swift */ = {isa = PBXFileReference; lastKnownFileType = sourcecode.swift; path = CategoryViewModel.swift; sourceTree = "<group>"; };
		FF20FC2E25782CC200C0D168 /* ProductModel.swift */ = {isa = PBXFileReference; lastKnownFileType = sourcecode.swift; path = ProductModel.swift; sourceTree = "<group>"; };
		FF20FC312578303A00C0D168 /* ProductListModel.swift */ = {isa = PBXFileReference; lastKnownFileType = sourcecode.swift; path = ProductListModel.swift; sourceTree = "<group>"; };
		FF20FC342578327D00C0D168 /* ProductsGrid.swift */ = {isa = PBXFileReference; lastKnownFileType = sourcecode.swift; path = ProductsGrid.swift; sourceTree = "<group>"; };
		FFC9524B2578EC54008793E0 /* SelectedProduct.swift */ = {isa = PBXFileReference; lastKnownFileType = sourcecode.swift; path = SelectedProduct.swift; sourceTree = "<group>"; };
		FFC9524E2578F27A008793E0 /* .gitignore */ = {isa = PBXFileReference; lastKnownFileType = text; path = .gitignore; sourceTree = "<group>"; };
		FFC952512578F28C008793E0 /* Credentials.swift */ = {isa = PBXFileReference; lastKnownFileType = sourcecode.swift; path = Credentials.swift; sourceTree = "<group>"; };
		FFC952542578F69C008793E0 /* ProductViewModel.swift */ = {isa = PBXFileReference; lastKnownFileType = sourcecode.swift; path = ProductViewModel.swift; sourceTree = "<group>"; };
		FFE9E97425778738002F80C8 /* vFruits.am.app */ = {isa = PBXFileReference; explicitFileType = wrapper.application; includeInIndex = 0; path = vFruits.am.app; sourceTree = BUILT_PRODUCTS_DIR; };
		FFE9E97725778738002F80C8 /* vFruits_amApp.swift */ = {isa = PBXFileReference; lastKnownFileType = sourcecode.swift; path = vFruits_amApp.swift; sourceTree = "<group>"; };
		FFE9E97925778738002F80C8 /* ContentView.swift */ = {isa = PBXFileReference; lastKnownFileType = sourcecode.swift; path = ContentView.swift; sourceTree = "<group>"; };
		FFE9E97B2577873B002F80C8 /* Assets.xcassets */ = {isa = PBXFileReference; lastKnownFileType = folder.assetcatalog; path = Assets.xcassets; sourceTree = "<group>"; };
		FFE9E97E2577873B002F80C8 /* Preview Assets.xcassets */ = {isa = PBXFileReference; lastKnownFileType = folder.assetcatalog; path = "Preview Assets.xcassets"; sourceTree = "<group>"; };
		FFE9E9802577873B002F80C8 /* Info.plist */ = {isa = PBXFileReference; lastKnownFileType = text.plist.xml; path = Info.plist; sourceTree = "<group>"; };
		FFE9E98F2577E52C002F80C8 /* McLaren-Regular.ttf */ = {isa = PBXFileReference; lastKnownFileType = file; path = "McLaren-Regular.ttf"; sourceTree = "<group>"; };
		FFE9E99225780534002F80C8 /* HomeView.swift */ = {isa = PBXFileReference; lastKnownFileType = sourcecode.swift; path = HomeView.swift; sourceTree = "<group>"; };
		FFE9E99625780562002F80C8 /* NewsFeed.swift */ = {isa = PBXFileReference; lastKnownFileType = sourcecode.swift; path = NewsFeed.swift; sourceTree = "<group>"; };
		FFE9E99A257805C8002F80C8 /* HomeViewModel.swift */ = {isa = PBXFileReference; lastKnownFileType = sourcecode.swift; path = HomeViewModel.swift; sourceTree = "<group>"; };
		FFE9E99D257805F4002F80C8 /* NewsFeedModel.swift */ = {isa = PBXFileReference; lastKnownFileType = sourcecode.swift; path = NewsFeedModel.swift; sourceTree = "<group>"; };
		FFE9E9A025780625002F80C8 /* HomeService.swift */ = {isa = PBXFileReference; lastKnownFileType = sourcecode.swift; path = HomeService.swift; sourceTree = "<group>"; };
		FFE9E9A325780D35002F80C8 /* SearchBar.swift */ = {isa = PBXFileReference; lastKnownFileType = sourcecode.swift; path = SearchBar.swift; sourceTree = "<group>"; };
		FFE9E9A625781143002F80C8 /* CategoryModel.swift */ = {isa = PBXFileReference; lastKnownFileType = sourcecode.swift; path = CategoryModel.swift; sourceTree = "<group>"; };
		FFE9E9A9257811ED002F80C8 /* CategoryDataModel.swift */ = {isa = PBXFileReference; lastKnownFileType = sourcecode.swift; path = CategoryDataModel.swift; sourceTree = "<group>"; };
/* End PBXFileReference section */

/* Begin PBXFrameworksBuildPhase section */
		FFE9E97125778738002F80C8 /* Frameworks */ = {
			isa = PBXFrameworksBuildPhase;
			buildActionMask = 2147483647;
			files = (
				FFC9524625783524008793E0 /* SDWebImageSwiftUI in Frameworks */,
				4637492D38F77B082300273D /* libPods-vFruits.am.a in Frameworks */,
			);
			runOnlyForDeploymentPostprocessing = 0;
		};
/* End PBXFrameworksBuildPhase section */

/* Begin PBXGroup section */
		76148C8FABE2C7B491DFD9CB /* Pods */ = {
			isa = PBXGroup;
			children = (
				D2A43DD6673A791D58A80B5A /* Pods-vFruits.am.debug.xcconfig */,
				11E2010609C3D8AAD14F64AE /* Pods-vFruits.am.release.xcconfig */,
			);
			path = Pods;
			sourceTree = "<group>";
		};
		A66AA5DC699E3F1945352BA4 /* Frameworks */ = {
			isa = PBXGroup;
			children = (
				51F22A8E34C679E46387AFC6 /* libPods-vFruits.am.a */,
			);
			name = Frameworks;
			sourceTree = "<group>";
		};
		FFE9E96B25778738002F80C8 = {
			isa = PBXGroup;
			children = (
				FFC9524E2578F27A008793E0 /* .gitignore */,
				FFE9E97625778738002F80C8 /* vFruits.am */,
				FFE9E97525778738002F80C8 /* Products */,
				76148C8FABE2C7B491DFD9CB /* Pods */,
				A66AA5DC699E3F1945352BA4 /* Frameworks */,
			);
			sourceTree = "<group>";
		};
		FFE9E97525778738002F80C8 /* Products */ = {
			isa = PBXGroup;
			children = (
				FFE9E97425778738002F80C8 /* vFruits.am.app */,
			);
			name = Products;
			sourceTree = "<group>";
		};
		FFE9E97625778738002F80C8 /* vFruits.am */ = {
			isa = PBXGroup;
			children = (
				FFE9E98E2577E4E5002F80C8 /* font */,
				FFE9E9882577A8A2002F80C8 /* Models */,
				FFE9E9892577A8A8002F80C8 /* ViewModels */,
				FFE9E98A2577A8AF002F80C8 /* Services */,
				FFE9E98B2577A8B6002F80C8 /* Views */,
				FFE9E98C2577A8BB002F80C8 /* Utils */,
				FFE9E97725778738002F80C8 /* vFruits_amApp.swift */,
				FFE9E97925778738002F80C8 /* ContentView.swift */,
				FFE9E97B2577873B002F80C8 /* Assets.xcassets */,
				FFE9E9802577873B002F80C8 /* Info.plist */,
				FFE9E97D2577873B002F80C8 /* Preview Content */,
				FFC952512578F28C008793E0 /* Credentials.swift */,
			);
			path = vFruits.am;
			sourceTree = "<group>";
		};
		FFE9E97D2577873B002F80C8 /* Preview Content */ = {
			isa = PBXGroup;
			children = (
				FFE9E97E2577873B002F80C8 /* Preview Assets.xcassets */,
			);
			path = "Preview Content";
			sourceTree = "<group>";
		};
		FFE9E9882577A8A2002F80C8 /* Models */ = {
			isa = PBXGroup;
			children = (
				FFE9E99D257805F4002F80C8 /* NewsFeedModel.swift */,
				FFE9E9A625781143002F80C8 /* CategoryModel.swift */,
				FFE9E9A9257811ED002F80C8 /* CategoryDataModel.swift */,
				FF20FC2B2578287700C0D168 /* CategoryViewModel.swift */,
				FF20FC2E25782CC200C0D168 /* ProductModel.swift */,
				FF20FC312578303A00C0D168 /* ProductListModel.swift */,
				FFC952542578F69C008793E0 /* ProductViewModel.swift */,
			);
			path = Models;
			sourceTree = "<group>";
		};
		FFE9E9892577A8A8002F80C8 /* ViewModels */ = {
			isa = PBXGroup;
			children = (
				FFE9E99A257805C8002F80C8 /* HomeViewModel.swift */,
			);
			path = ViewModels;
			sourceTree = "<group>";
		};
		FFE9E98A2577A8AF002F80C8 /* Services */ = {
			isa = PBXGroup;
			children = (
				FFE9E9A025780625002F80C8 /* HomeService.swift */,
			);
			path = Services;
			sourceTree = "<group>";
		};
		FFE9E98B2577A8B6002F80C8 /* Views */ = {
			isa = PBXGroup;
			children = (
				FFE9E99525780543002F80C8 /* Home */,
			);
			path = Views;
			sourceTree = "<group>";
		};
		FFE9E98C2577A8BB002F80C8 /* Utils */ = {
			isa = PBXGroup;
			children = (
			);
			path = Utils;
			sourceTree = "<group>";
		};
		FFE9E98E2577E4E5002F80C8 /* font */ = {
			isa = PBXGroup;
			children = (
				FFE9E98F2577E52C002F80C8 /* McLaren-Regular.ttf */,
			);
			path = font;
			sourceTree = "<group>";
		};
		FFE9E99525780543002F80C8 /* Home */ = {
			isa = PBXGroup;
			children = (
				FFE9E99225780534002F80C8 /* HomeView.swift */,
				FFE9E99625780562002F80C8 /* NewsFeed.swift */,
				FFE9E9A325780D35002F80C8 /* SearchBar.swift */,
				FF20FC282578281000C0D168 /* CategoryList.swift */,
				FF20FC342578327D00C0D168 /* ProductsGrid.swift */,
				FFC9524B2578EC54008793E0 /* SelectedProduct.swift */,
			);
			path = Home;
			sourceTree = "<group>";
		};
/* End PBXGroup section */

/* Begin PBXNativeTarget section */
		FFE9E97325778738002F80C8 /* vFruits.am */ = {
			isa = PBXNativeTarget;
			buildConfigurationList = FFE9E9832577873B002F80C8 /* Build configuration list for PBXNativeTarget "vFruits.am" */;
			buildPhases = (
				9F04E6BE6EC6CB8A2A251806 /* [CP] Check Pods Manifest.lock */,
				FFE9E97025778738002F80C8 /* Sources */,
				FFE9E97125778738002F80C8 /* Frameworks */,
				FFE9E97225778738002F80C8 /* Resources */,
			);
			buildRules = (
			);
			dependencies = (
			);
			name = vFruits.am;
			packageProductDependencies = (
				FFC9524525783524008793E0 /* SDWebImageSwiftUI */,
			);
			productName = vFruits.am;
			productReference = FFE9E97425778738002F80C8 /* vFruits.am.app */;
			productType = "com.apple.product-type.application";
		};
/* End PBXNativeTarget section */

/* Begin PBXProject section */
		FFE9E96C25778738002F80C8 /* Project object */ = {
			isa = PBXProject;
			attributes = {
				LastSwiftUpdateCheck = 1220;
				LastUpgradeCheck = 1220;
				TargetAttributes = {
					FFE9E97325778738002F80C8 = {
						CreatedOnToolsVersion = 12.2;
					};
				};
			};
			buildConfigurationList = FFE9E96F25778738002F80C8 /* Build configuration list for PBXProject "vFruits.am" */;
			compatibilityVersion = "Xcode 9.3";
			developmentRegion = en;
			hasScannedForEncodings = 0;
			knownRegions = (
				en,
				Base,
			);
			mainGroup = FFE9E96B25778738002F80C8;
			packageReferences = (
				FFC9524425783524008793E0 /* XCRemoteSwiftPackageReference "SDWebImageSwiftUI" */,
			);
			productRefGroup = FFE9E97525778738002F80C8 /* Products */;
			projectDirPath = "";
			projectRoot = "";
			targets = (
				FFE9E97325778738002F80C8 /* vFruits.am */,
			);
		};
/* End PBXProject section */

/* Begin PBXResourcesBuildPhase section */
		FFE9E97225778738002F80C8 /* Resources */ = {
			isa = PBXResourcesBuildPhase;
			buildActionMask = 2147483647;
			files = (
				FFC9524F2578F27A008793E0 /* .gitignore in Resources */,
				FFE9E9902577E52C002F80C8 /* McLaren-Regular.ttf in Resources */,
				FFE9E97F2577873B002F80C8 /* Preview Assets.xcassets in Resources */,
				FFE9E97C2577873B002F80C8 /* Assets.xcassets in Resources */,
			);
			runOnlyForDeploymentPostprocessing = 0;
		};
/* End PBXResourcesBuildPhase section */

/* Begin PBXShellScriptBuildPhase section */
		9F04E6BE6EC6CB8A2A251806 /* [CP] Check Pods Manifest.lock */ = {
			isa = PBXShellScriptBuildPhase;
			buildActionMask = 2147483647;
			files = (
			);
			inputFileListPaths = (
			);
			inputPaths = (
				"${PODS_PODFILE_DIR_PATH}/Podfile.lock",
				"${PODS_ROOT}/Manifest.lock",
			);
			name = "[CP] Check Pods Manifest.lock";
			outputFileListPaths = (
			);
			outputPaths = (
				"$(DERIVED_FILE_DIR)/Pods-vFruits.am-checkManifestLockResult.txt",
			);
			runOnlyForDeploymentPostprocessing = 0;
			shellPath = /bin/sh;
			shellScript = "diff \"${PODS_PODFILE_DIR_PATH}/Podfile.lock\" \"${PODS_ROOT}/Manifest.lock\" > /dev/null\nif [ $? != 0 ] ; then\n    # print error to STDERR\n    echo \"error: The sandbox is not in sync with the Podfile.lock. Run 'pod install' or update your CocoaPods installation.\" >&2\n    exit 1\nfi\n# This output is used by Xcode 'outputs' to avoid re-running this script phase.\necho \"SUCCESS\" > \"${SCRIPT_OUTPUT_FILE_0}\"\n";
			showEnvVarsInLog = 0;
		};
/* End PBXShellScriptBuildPhase section */

/* Begin PBXSourcesBuildPhase section */
		FFE9E97025778738002F80C8 /* Sources */ = {
			isa = PBXSourcesBuildPhase;
			buildActionMask = 2147483647;
			files = (
				FF20FC292578281000C0D168 /* CategoryList.swift in Sources */,
				FF20FC322578303A00C0D168 /* ProductListModel.swift in Sources */,
				FFE9E9A125780625002F80C8 /* HomeService.swift in Sources */,
				FFE9E99325780534002F80C8 /* HomeView.swift in Sources */,
				FFE9E97A25778738002F80C8 /* ContentView.swift in Sources */,
				FF20FC2C2578287700C0D168 /* CategoryViewModel.swift in Sources */,
				FFE9E99E257805F4002F80C8 /* NewsFeedModel.swift in Sources */,
				FFE9E99725780562002F80C8 /* NewsFeed.swift in Sources */,
				FFE9E9A425780D35002F80C8 /* SearchBar.swift in Sources */,
				FFE9E99B257805C8002F80C8 /* HomeViewModel.swift in Sources */,
				FFC952522578F28C008793E0 /* Credentials.swift in Sources */,
				FFC9524C2578EC54008793E0 /* SelectedProduct.swift in Sources */,
				FF20FC2F25782CC200C0D168 /* ProductModel.swift in Sources */,
				FFE9E9A725781143002F80C8 /* CategoryModel.swift in Sources */,
				FFC952552578F69C008793E0 /* ProductViewModel.swift in Sources */,
				FF20FC352578327D00C0D168 /* ProductsGrid.swift in Sources */,
				FFE9E97825778738002F80C8 /* vFruits_amApp.swift in Sources */,
				FFE9E9AA257811ED002F80C8 /* CategoryDataModel.swift in Sources */,
			);
			runOnlyForDeploymentPostprocessing = 0;
		};
/* End PBXSourcesBuildPhase section */

/* Begin XCBuildConfiguration section */
		FFE9E9812577873B002F80C8 /* Debug */ = {
			isa = XCBuildConfiguration;
			buildSettings = {
				ALWAYS_SEARCH_USER_PATHS = NO;
				CLANG_ANALYZER_NONNULL = YES;
				CLANG_ANALYZER_NUMBER_OBJECT_CONVERSION = YES_AGGRESSIVE;
				CLANG_CXX_LANGUAGE_STANDARD = "gnu++14";
				CLANG_CXX_LIBRARY = "libc++";
				CLANG_ENABLE_MODULES = YES;
				CLANG_ENABLE_OBJC_ARC = YES;
				CLANG_ENABLE_OBJC_WEAK = YES;
				CLANG_WARN_BLOCK_CAPTURE_AUTORELEASING = YES;
				CLANG_WARN_BOOL_CONVERSION = YES;
				CLANG_WARN_COMMA = YES;
				CLANG_WARN_CONSTANT_CONVERSION = YES;
				CLANG_WARN_DEPRECATED_OBJC_IMPLEMENTATIONS = YES;
				CLANG_WARN_DIRECT_OBJC_ISA_USAGE = YES_ERROR;
				CLANG_WARN_DOCUMENTATION_COMMENTS = YES;
				CLANG_WARN_EMPTY_BODY = YES;
				CLANG_WARN_ENUM_CONVERSION = YES;
				CLANG_WARN_INFINITE_RECURSION = YES;
				CLANG_WARN_INT_CONVERSION = YES;
				CLANG_WARN_NON_LITERAL_NULL_CONVERSION = YES;
				CLANG_WARN_OBJC_IMPLICIT_RETAIN_SELF = YES;
				CLANG_WARN_OBJC_LITERAL_CONVERSION = YES;
				CLANG_WARN_OBJC_ROOT_CLASS = YES_ERROR;
				CLANG_WARN_QUOTED_INCLUDE_IN_FRAMEWORK_HEADER = YES;
				CLANG_WARN_RANGE_LOOP_ANALYSIS = YES;
				CLANG_WARN_STRICT_PROTOTYPES = YES;
				CLANG_WARN_SUSPICIOUS_MOVE = YES;
				CLANG_WARN_UNGUARDED_AVAILABILITY = YES_AGGRESSIVE;
				CLANG_WARN_UNREACHABLE_CODE = YES;
				CLANG_WARN__DUPLICATE_METHOD_MATCH = YES;
				COPY_PHASE_STRIP = NO;
				DEBUG_INFORMATION_FORMAT = dwarf;
				ENABLE_STRICT_OBJC_MSGSEND = YES;
				ENABLE_TESTABILITY = YES;
				GCC_C_LANGUAGE_STANDARD = gnu11;
				GCC_DYNAMIC_NO_PIC = NO;
				GCC_NO_COMMON_BLOCKS = YES;
				GCC_OPTIMIZATION_LEVEL = 0;
				GCC_PREPROCESSOR_DEFINITIONS = (
					"DEBUG=1",
					"$(inherited)",
				);
				GCC_WARN_64_TO_32_BIT_CONVERSION = YES;
				GCC_WARN_ABOUT_RETURN_TYPE = YES_ERROR;
				GCC_WARN_UNDECLARED_SELECTOR = YES;
				GCC_WARN_UNINITIALIZED_AUTOS = YES_AGGRESSIVE;
				GCC_WARN_UNUSED_FUNCTION = YES;
				GCC_WARN_UNUSED_VARIABLE = YES;
				IPHONEOS_DEPLOYMENT_TARGET = 14.2;
				MTL_ENABLE_DEBUG_INFO = INCLUDE_SOURCE;
				MTL_FAST_MATH = YES;
				ONLY_ACTIVE_ARCH = YES;
				SDKROOT = iphoneos;
				SWIFT_ACTIVE_COMPILATION_CONDITIONS = DEBUG;
				SWIFT_OPTIMIZATION_LEVEL = "-Onone";
			};
			name = Debug;
		};
		FFE9E9822577873B002F80C8 /* Release */ = {
			isa = XCBuildConfiguration;
			buildSettings = {
				ALWAYS_SEARCH_USER_PATHS = NO;
				CLANG_ANALYZER_NONNULL = YES;
				CLANG_ANALYZER_NUMBER_OBJECT_CONVERSION = YES_AGGRESSIVE;
				CLANG_CXX_LANGUAGE_STANDARD = "gnu++14";
				CLANG_CXX_LIBRARY = "libc++";
				CLANG_ENABLE_MODULES = YES;
				CLANG_ENABLE_OBJC_ARC = YES;
				CLANG_ENABLE_OBJC_WEAK = YES;
				CLANG_WARN_BLOCK_CAPTURE_AUTORELEASING = YES;
				CLANG_WARN_BOOL_CONVERSION = YES;
				CLANG_WARN_COMMA = YES;
				CLANG_WARN_CONSTANT_CONVERSION = YES;
				CLANG_WARN_DEPRECATED_OBJC_IMPLEMENTATIONS = YES;
				CLANG_WARN_DIRECT_OBJC_ISA_USAGE = YES_ERROR;
				CLANG_WARN_DOCUMENTATION_COMMENTS = YES;
				CLANG_WARN_EMPTY_BODY = YES;
				CLANG_WARN_ENUM_CONVERSION = YES;
				CLANG_WARN_INFINITE_RECURSION = YES;
				CLANG_WARN_INT_CONVERSION = YES;
				CLANG_WARN_NON_LITERAL_NULL_CONVERSION = YES;
				CLANG_WARN_OBJC_IMPLICIT_RETAIN_SELF = YES;
				CLANG_WARN_OBJC_LITERAL_CONVERSION = YES;
				CLANG_WARN_OBJC_ROOT_CLASS = YES_ERROR;
				CLANG_WARN_QUOTED_INCLUDE_IN_FRAMEWORK_HEADER = YES;
				CLANG_WARN_RANGE_LOOP_ANALYSIS = YES;
				CLANG_WARN_STRICT_PROTOTYPES = YES;
				CLANG_WARN_SUSPICIOUS_MOVE = YES;
				CLANG_WARN_UNGUARDED_AVAILABILITY = YES_AGGRESSIVE;
				CLANG_WARN_UNREACHABLE_CODE = YES;
				CLANG_WARN__DUPLICATE_METHOD_MATCH = YES;
				COPY_PHASE_STRIP = NO;
				DEBUG_INFORMATION_FORMAT = "dwarf-with-dsym";
				ENABLE_NS_ASSERTIONS = NO;
				ENABLE_STRICT_OBJC_MSGSEND = YES;
				GCC_C_LANGUAGE_STANDARD = gnu11;
				GCC_NO_COMMON_BLOCKS = YES;
				GCC_WARN_64_TO_32_BIT_CONVERSION = YES;
				GCC_WARN_ABOUT_RETURN_TYPE = YES_ERROR;
				GCC_WARN_UNDECLARED_SELECTOR = YES;
				GCC_WARN_UNINITIALIZED_AUTOS = YES_AGGRESSIVE;
				GCC_WARN_UNUSED_FUNCTION = YES;
				GCC_WARN_UNUSED_VARIABLE = YES;
				IPHONEOS_DEPLOYMENT_TARGET = 14.2;
				MTL_ENABLE_DEBUG_INFO = NO;
				MTL_FAST_MATH = YES;
				SDKROOT = iphoneos;
				SWIFT_COMPILATION_MODE = wholemodule;
				SWIFT_OPTIMIZATION_LEVEL = "-O";
				VALIDATE_PRODUCT = YES;
			};
			name = Release;
		};
		FFE9E9842577873B002F80C8 /* Debug */ = {
			isa = XCBuildConfiguration;
			baseConfigurationReference = D2A43DD6673A791D58A80B5A /* Pods-vFruits.am.debug.xcconfig */;
			buildSettings = {
				ASSETCATALOG_COMPILER_APPICON_NAME = "AppIcon-1";
				ASSETCATALOG_COMPILER_GLOBAL_ACCENT_COLOR_NAME = AccentColor;
				CODE_SIGN_STYLE = Automatic;
				DEVELOPMENT_ASSET_PATHS = "\"vFruits.am/Preview Content\"";
				DEVELOPMENT_TEAM = 8GVVA24YR6;
				ENABLE_PREVIEWS = YES;
				INFOPLIST_FILE = vFruits.am/Info.plist;
				IPHONEOS_DEPLOYMENT_TARGET = 14.0;
				LD_RUNPATH_SEARCH_PATHS = (
					"$(inherited)",
					"@executable_path/Frameworks",
				);
				PRODUCT_BUNDLE_IDENTIFIER = "com.developer-xpn.vFruits-am";
				PRODUCT_NAME = "$(TARGET_NAME)";
				SWIFT_VERSION = 5.0;
				TARGETED_DEVICE_FAMILY = 1;
			};
			name = Debug;
		};
		FFE9E9852577873B002F80C8 /* Release */ = {
			isa = XCBuildConfiguration;
			baseConfigurationReference = 11E2010609C3D8AAD14F64AE /* Pods-vFruits.am.release.xcconfig */;
			buildSettings = {
				ASSETCATALOG_COMPILER_APPICON_NAME = "AppIcon-1";
				ASSETCATALOG_COMPILER_GLOBAL_ACCENT_COLOR_NAME = AccentColor;
				CODE_SIGN_STYLE = Automatic;
				DEVELOPMENT_ASSET_PATHS = "\"vFruits.am/Preview Content\"";
				DEVELOPMENT_TEAM = 8GVVA24YR6;
				ENABLE_PREVIEWS = YES;
				INFOPLIST_FILE = vFruits.am/Info.plist;
				IPHONEOS_DEPLOYMENT_TARGET = 14.0;
				LD_RUNPATH_SEARCH_PATHS = (
					"$(inherited)",
					"@executable_path/Frameworks",
				);
				PRODUCT_BUNDLE_IDENTIFIER = "com.developer-xpn.vFruits-am";
				PRODUCT_NAME = "$(TARGET_NAME)";
				SWIFT_VERSION = 5.0;
				TARGETED_DEVICE_FAMILY = 1;
			};
			name = Release;
		};
/* End XCBuildConfiguration section */

/* Begin XCConfigurationList section */
		FFE9E96F25778738002F80C8 /* Build configuration list for PBXProject "vFruits.am" */ = {
			isa = XCConfigurationList;
			buildConfigurations = (
				FFE9E9812577873B002F80C8 /* Debug */,
				FFE9E9822577873B002F80C8 /* Release */,
			);
			defaultConfigurationIsVisible = 0;
			defaultConfigurationName = Release;
		};
		FFE9E9832577873B002F80C8 /* Build configuration list for PBXNativeTarget "vFruits.am" */ = {
			isa = XCConfigurationList;
			buildConfigurations = (
				FFE9E9842577873B002F80C8 /* Debug */,
				FFE9E9852577873B002F80C8 /* Release */,
			);
			defaultConfigurationIsVisible = 0;
			defaultConfigurationName = Release;
		};
/* End XCConfigurationList section */

/* Begin XCRemoteSwiftPackageReference section */
		FFC9524425783524008793E0 /* XCRemoteSwiftPackageReference "SDWebImageSwiftUI" */ = {
			isa = XCRemoteSwiftPackageReference;
			repositoryURL = "https://github.com/SDWebImage/SDWebImageSwiftUI.git";
			requirement = {
				kind = upToNextMajorVersion;
				minimumVersion = 1.5.0;
			};
		};
/* End XCRemoteSwiftPackageReference section */

/* Begin XCSwiftPackageProductDependency section */
		FFC9524525783524008793E0 /* SDWebImageSwiftUI */ = {
			isa = XCSwiftPackageProductDependency;
			package = FFC9524425783524008793E0 /* XCRemoteSwiftPackageReference "SDWebImageSwiftUI" */;
			productName = SDWebImageSwiftUI;
		};
/* End XCSwiftPackageProductDependency section */
	};
	rootObject = FFE9E96C25778738002F80C8 /* Project object */;
}
